Microsoft Visual Studio Solution File, Format Version 9.00
# Visual Studio 2005
Project("{FAE04EC0-301F-11D3-BF4B-00C04F79EFBC}") = "DynamicStyleSheet", "DynamicStyleSheet.csproj", "{ECCAEDE0-3B94-4023-83C1-AAA41FB4861A}"
EndProject
Global
	GlobalSection(SolutionConfigurationPlatforms) = preSolution
		Debug|Any CPU = Debug|Any CPU
		Release|Any CPU = Release|Any CPU
	EndGlobalSection
	GlobalSection(ProjectConfigurationPlatforms) = postSolution
		{ECCAEDE0-3B94-4023-83C1-AAA41FB4861A}.Debug|Any CPU.ActiveCfg = Debug|Any CPU
		{ECCAEDE0-3B94-4023-83C1-AAA41FB4861A}.Debug|Any CPU.Build.0 = Debug|Any CPU
		{ECCAEDE0-3B94-4023-83C1-AAA41FB4861A}.Release|Any CPU.ActiveCfg = Release|Any CPU
		{ECCAEDE0-3B94-4023-83C1-AAA41FB4861A}.Release|Any CPU.Build.0 = Release|Any CPU
	EndGlobalSection
	GlobalSection(SolutionProperties) = preSolution
		HideSolutionNode = FALSE
	EndGlobalSection
EndGlobal
